// !$*UTF8*$!
{
	archiveVersion = 1;
	classes = {
	};
	objectVersion = 77;
	objects = {

/* Begin PBXContainerItemProxy section */
		390335EE2E2FA30C00E96BAF /* PBXContainerItemProxy */ = {
			isa = PBXContainerItemProxy;
			containerPortal = 390335D82E2FA30B00E96BAF /* Project object */;
			proxyType = 1;
			remoteGlobalIDString = 390335DF2E2FA30B00E96BAF;
			remoteInfo = Anas_Task;
		};
		390335F82E2FA30C00E96BAF /* PBXContainerItemProxy */ = {
			isa = PBXContainerItemProxy;
			containerPortal = 390335D82E2FA30B00E96BAF /* Project object */;
			proxyType = 1;
			remoteGlobalIDString = 390335DF2E2FA30B00E96BAF;
			remoteInfo = Anas_Task;
		};
/* End PBXContainerItemProxy section */

/* Begin PBXFileReference section */
		390335E02E2FA30B00E96BAF /* Anas_Task.app */ = {isa = PBXFileReference; explicitFileType = wrapper.application; includeInIndex = 0; path = Anas_Task.app; sourceTree = BUILT_PRODUCTS_DIR; };
		390335ED2E2FA30C00E96BAF /* Anas_TaskTests.xctest */ = {isa = PBXFileReference; explicitFileType = wrapper.cfbundle; includeInIndex = 0; path = Anas_TaskTests.xctest; sourceTree = BUILT_PRODUCTS_DIR; };
		390335F72E2FA30C00E96BAF /* Anas_TaskUITests.xctest */ = {isa = PBXFileReference; explicitFileType = wrapper.cfbundle; includeInIndex = 0; path = Anas_TaskUITests.xctest; sourceTree = BUILT_PRODUCTS_DIR; };
/* End PBXFileReference section */

/* Begin PBXFileSystemSynchronizedRootGroup section */
		390335E22E2FA30B00E96BAF /* Anas_Task */ = {
			isa = PBXFileSystemSynchronizedRootGroup;
			path = Anas_Task;
			sourceTree = "<group>";
		};
		390335F02E2FA30C00E96BAF /* Anas_TaskTests */ = {
			isa = PBXFileSystemSynchronizedRootGroup;
			path = Anas_TaskTests;
			sourceTree = "<group>";
		};
		390335FA2E2FA30C00E96BAF /* Anas_TaskUITests */ = {
			isa = PBXFileSystemSynchronizedRootGroup;
			path = Anas_TaskUITests;
			sourceTree = "<group>";
		};
/* End PBXFileSystemSynchronizedRootGroup section */

/* Begin PBXFrameworksBuildPhase section */
		390335DD2E2FA30B00E96BAF /* Frameworks */ = {
			isa = PBXFrameworksBuildPhase;
			buildActionMask = 2147483647;
			files = (
			);
			runOnlyForDeploymentPostprocessing = 0;
		};
		390335EA2E2FA30C00E96BAF /* Frameworks */ = {
			isa = PBXFrameworksBuildPhase;
			buildActionMask = 2147483647;
			files = (
			);
			runOnlyForDeploymentPostprocessing = 0;
		};
		390335F42E2FA30C00E96BAF /* Frameworks */ = {
			isa = PBXFrameworksBuildPhase;
			buildActionMask = 2147483647;
			files = (
			);
			runOnlyForDeploymentPostprocessing = 0;
		};
/* End PBXFrameworksBuildPhase section */

/* Begin PBXGroup section */
		390335D72E2FA30B00E96BAF = {
			isa = PBXGroup;
			children = (
				390335E22E2FA30B00E96BAF /* Anas_Task */,
				390335F02E2FA30C00E96BAF /* Anas_TaskTests */,
				390335FA2E2FA30C00E96BAF /* Anas_TaskUITests */,
				390335E12E2FA30B00E96BAF /* Products */,
			);
			sourceTree = "<group>";
		};
		390335E12E2FA30B00E96BAF /* Products */ = {
			isa = PBXGroup;
			children = (
				390335E02E2FA30B00E96BAF /* Anas_Task.app */,
				390335ED2E2FA30C00E96BAF /* Anas_TaskTests.xctest */,
				390335F72E2FA30C00E96BAF /* Anas_TaskUITests.xctest */,
			);
			name = Products;
			sourceTree = "<group>";
		};
/* End PBXGroup section */

/* Begin PBXNativeTarget section */
		390335DF2E2FA30B00E96BAF /* Anas_Task */ = {
			isa = PBXNativeTarget;
			buildConfigurationList = 390336012E2FA30C00E96BAF /* Build configuration list for PBXNativeTarget "Anas_Task" */;
			buildPhases = (
				390335DC2E2FA30B00E96BAF /* Sources */,
				390335DD2E2FA30B00E96BAF /* Frameworks */,
				390335DE2E2FA30B00E96BAF /* Resources */,
			);
			buildRules = (
			);
			dependencies = (
			);
			fileSystemSynchronizedGroups = (
				390335E22E2FA30B00E96BAF /* Anas_Task */,
			);
			name = Anas_Task;
			packageProductDependencies = (
			);
			productName = Anas_Task;
			productReference = 390335E02E2FA30B00E96BAF /* Anas_Task.app */;
			productType = "com.apple.product-type.application";
		};
		390335EC2E2FA30C00E96BAF /* Anas_TaskTests */ = {
			isa = PBXNativeTarget;
			buildConfigurationList = 390336042E2FA30C00E96BAF /* Build configuration list for PBXNativeTarget "Anas_TaskTests" */;
			buildPhases = (
				390335E92E2FA30C00E96BAF /* Sources */,
				390335EA2E2FA30C00E96BAF /* Frameworks */,
				390335EB2E2FA30C00E96BAF /* Resources */,
			);
			buildRules = (
			);
			dependencies = (
				390335EF2E2FA30C00E96BAF /* PBXTargetDependency */,
			);
			fileSystemSynchronizedGroups = (
				390335F02E2FA30C00E96BAF /* Anas_TaskTests */,
			);
			name = Anas_TaskTests;
			packageProductDependencies = (
			);
			productName = Anas_TaskTests;
			productReference = 390335ED2E2FA30C00E96BAF /* Anas_TaskTests.xctest */;
			productType = "com.apple.product-type.bundle.unit-test";
		};
		390335F62E2FA30C00E96BAF /* Anas_TaskUITests */ = {
			isa = PBXNativeTarget;
			buildConfigurationList = 390336072E2FA30C00E96BAF /* Build configuration list for PBXNativeTarget "Anas_TaskUITests" */;
			buildPhases = (
				390335F32E2FA30C00E96BAF /* Sources */,
				390335F42E2FA30C00E96BAF /* Frameworks */,
				390335F52E2FA30C00E96BAF /* Resources */,
			);
			buildRules = (
			);
			dependencies = (
				390335F92E2FA30C00E96BAF /* PBXTargetDependency */,
			);
			fileSystemSynchronizedGroups = (
				390335FA2E2FA30C00E96BAF /* Anas_TaskUITests */,
			);
			name = Anas_TaskUITests;
			packageProductDependencies = (
			);
			productName = Anas_TaskUITests;
			productReference = 390335F72E2FA30C00E96BAF /* Anas_TaskUITests.xctest */;
			productType = "com.apple.product-type.bundle.ui-testing";
		};
/* End PBXNativeTarget section */

/* Begin PBXProject section */
		390335D82E2FA30B00E96BAF /* Project object */ = {
			isa = PBXProject;
			attributes = {
				BuildIndependentTargetsInParallel = 1;
				LastSwiftUpdateCheck = 1640;
				LastUpgradeCheck = 1640;
				TargetAttributes = {
					390335DF2E2FA30B00E96BAF = {
						CreatedOnToolsVersion = 16.4;
					};
					390335EC2E2FA30C00E96BAF = {
						CreatedOnToolsVersion = 16.4;
						TestTargetID = 390335DF2E2FA30B00E96BAF;
					};
					390335F62E2FA30C00E96BAF = {
						CreatedOnToolsVersion = 16.4;
						TestTargetID = 390335DF2E2FA30B00E96BAF;
					};
				};
			};
			buildConfigurationList = 390335DB2E2FA30B00E96BAF /* Build configuration list for PBXProject "Anas_Task" */;
			developmentRegion = en;
			hasScannedForEncodings = 0;
			knownRegions = (
				en,
				Base,
			);
			mainGroup = 390335D72E2FA30B00E96BAF;
			minimizedProjectReferenceProxies = 1;
			preferredProjectObjectVersion = 77;
			productRefGroup = 390335E12E2FA30B00E96BAF /* Products */;
			projectDirPath = "";
			projectRoot = "";
			targets = (
				390335DF2E2FA30B00E96BAF /* Anas_Task */,
				390335EC2E2FA30C00E96BAF /* Anas_TaskTests */,
				390335F62E2FA30C00E96BAF /* Anas_TaskUITests */,
			);
		};
/* End PBXProject section */

/* Begin PBXResourcesBuildPhase section */
		390335DE2E2FA30B00E96BAF /* Resources */ = {
			isa = PBXResourcesBuildPhase;
			buildActionMask = 2147483647;
			files = (
			);
			runOnlyForDeploymentPostprocessing = 0;
		};
		390335EB2E2FA30C00E96BAF /* Resources */ = {
			isa = PBXResourcesBuildPhase;
			buildActionMask = 2147483647;
			files = (
			);
			runOnlyForDeploymentPostprocessing = 0;
		};
		390335F52E2FA30C00E96BAF /* Resources */ = {
			isa = PBXResourcesBuildPhase;
			buildActionMask = 2147483647;
			files = (
			);
			runOnlyForDeploymentPostprocessing = 0;
		};
/* End PBXResourcesBuildPhase section */

/* Begin PBXSourcesBuildPhase section */
		390335DC2E2FA30B00E96BAF /* Sources */ = {
			isa = PBXSourcesBuildPhase;
			buildActionMask = 2147483647;
			files = (
			);
			runOnlyForDeploymentPostprocessing = 0;
		};
		390335E92E2FA30C00E96BAF /* Sources */ = {
			isa = PBXSourcesBuildPhase;
			buildActionMask = 2147483647;
			files = (
			);
			runOnlyForDeploymentPostprocessing = 0;
		};
		390335F32E2FA30C00E96BAF /* Sources */ = {
			isa = PBXSourcesBuildPhase;
			buildActionMask = 2147483647;
			files = (
			);
			runOnlyForDeploymentPostprocessing = 0;
		};
/* End PBXSourcesBuildPhase section */

/* Begin PBXTargetDependency section */
		390335EF2E2FA30C00E96BAF /* PBXTargetDependency */ = {
			isa = PBXTargetDependency;
			target = 390335DF2E2FA30B00E96BAF /* Anas_Task */;
			targetProxy = 390335EE2E2FA30C00E96BAF /* PBXContainerItemProxy */;
		};
		390335F92E2FA30C00E96BAF /* PBXTargetDependency */ = {
			isa = PBXTargetDependency;
			target = 390335DF2E2FA30B00E96BAF /* Anas_Task */;
			targetProxy = 390335F82E2FA30C00E96BAF /* PBXContainerItemProxy */;
		};
/* End PBXTargetDependency section */

/* Begin XCBuildConfiguration section */
		390335FF2E2FA30C00E96BAF /* Debug */ = {
			isa = XCBuildConfiguration;
			buildSettings = {
				ALWAYS_SEARCH_USER_PATHS = NO;
				ASSETCATALOG_COMPILER_GENERATE_SWIFT_ASSET_SYMBOL_EXTENSIONS = YES;
				CLANG_ANALYZER_NONNULL = YES;
				CLANG_ANALYZER_NUMBER_OBJECT_CONVERSION = YES_AGGRESSIVE;
				CLANG_CXX_LANGUAGE_STANDARD = "gnu++20";
				CLANG_ENABLE_MODULES = YES;
				CLANG_ENABLE_OBJC_ARC = YES;
				CLANG_ENABLE_OBJC_WEAK = YES;
				CLANG_WARN_BLOCK_CAPTURE_AUTORELEASING = YES;
				CLANG_WARN_BOOL_CONVERSION = YES;
				CLANG_WARN_COMMA = YES;
				CLANG_WARN_CONSTANT_CONVERSION = YES;
				CLANG_WARN_DEPRECATED_OBJC_IMPLEMENTATIONS = YES;
				CLANG_WARN_DIRECT_OBJC_ISA_USAGE = YES_ERROR;
				CLANG_WARN_DOCUMENTATION_COMMENTS = YES;
				CLANG_WARN_EMPTY_BODY = YES;
				CLANG_WARN_ENUM_CONVERSION = YES;
				CLANG_WARN_INFINITE_RECURSION = YES;
				CLANG_WARN_INT_CONVERSION = YES;
				CLANG_WARN_NON_LITERAL_NULL_CONVERSION = YES;
				CLANG_WARN_OBJC_IMPLICIT_RETAIN_SELF = YES;
				CLANG_WARN_OBJC_LITERAL_CONVERSION = YES;
				CLANG_WARN_OBJC_ROOT_CLASS = YES_ERROR;
				CLANG_WARN_QUOTED_INCLUDE_IN_FRAMEWORK_HEADER = YES;
				CLANG_WARN_RANGE_LOOP_ANALYSIS = YES;
				CLANG_WARN_STRICT_PROTOTYPES = YES;
				CLANG_WARN_SUSPICIOUS_MOVE = YES;
				CLANG_WARN_UNGUARDED_AVAILABILITY = YES_AGGRESSIVE;
				CLANG_WARN_UNREACHABLE_CODE = YES;
				CLANG_WARN__DUPLICATE_METHOD_MATCH = YES;
				COPY_PHASE_STRIP = NO;
				DEBUG_INFORMATION_FORMAT = dwarf;
				DEVELOPMENT_TEAM = P5NTR89GQN;
				ENABLE_STRICT_OBJC_MSGSEND = YES;
				ENABLE_TESTABILITY = YES;
				ENABLE_USER_SCRIPT_SANDBOXING = YES;
				GCC_C_LANGUAGE_STANDARD = gnu17;
				GCC_DYNAMIC_NO_PIC = NO;
				GCC_NO_COMMON_BLOCKS = YES;
				GCC_OPTIMIZATION_LEVEL = 0;
				GCC_PREPROCESSOR_DEFINITIONS = (
					"DEBUG=1",
					"$(inherited)",
				);
				GCC_WARN_64_TO_32_BIT_CONVERSION = YES;
				GCC_WARN_ABOUT_RETURN_TYPE = YES_ERROR;
				GCC_WARN_UNDECLARED_SELECTOR = YES;
				GCC_WARN_UNINITIALIZED_AUTOS = YES_AGGRESSIVE;
				GCC_WARN_UNUSED_FUNCTION = YES;
				GCC_WARN_UNUSED_VARIABLE = YES;
				IPHONEOS_DEPLOYMENT_TARGET = 18.5;
				LOCALIZATION_PREFERS_STRING_CATALOGS = YES;
				MTL_ENABLE_DEBUG_INFO = INCLUDE_SOURCE;
				MTL_FAST_MATH = YES;
				ONLY_ACTIVE_ARCH = YES;
				SDKROOT = iphoneos;
				SWIFT_ACTIVE_COMPILATION_CONDITIONS = "DEBUG $(inherited)";
				SWIFT_OPTIMIZATION_LEVEL = "-Onone";
			};
			name = Debug;
		};
		390336002E2FA30C00E96BAF /* Release */ = {
			isa = XCBuildConfiguration;
			buildSettings = {
				ALWAYS_SEARCH_USER_PATHS = NO;
				ASSETCATALOG_COMPILER_GENERATE_SWIFT_ASSET_SYMBOL_EXTENSIONS = YES;
				CLANG_ANALYZER_NONNULL = YES;
				CLANG_ANALYZER_NUMBER_OBJECT_CONVERSION = YES_AGGRESSIVE;
				CLANG_CXX_LANGUAGE_STANDARD = "gnu++20";
				CLANG_ENABLE_MODULES = YES;
				CLANG_ENABLE_OBJC_ARC = YES;
				CLANG_ENABLE_OBJC_WEAK = YES;
				CLANG_WARN_BLOCK_CAPTURE_AUTORELEASING = YES;
				CLANG_WARN_BOOL_CONVERSION = YES;
				CLANG_WARN_COMMA = YES;
				CLANG_WARN_CONSTANT_CONVERSION = YES;
				CLANG_WARN_DEPRECATED_OBJC_IMPLEMENTATIONS = YES;
				CLANG_WARN_DIRECT_OBJC_ISA_USAGE = YES_ERROR;
				CLANG_WARN_DOCUMENTATION_COMMENTS = YES;
				CLANG_WARN_EMPTY_BODY = YES;
				CLANG_WARN_ENUM_CONVERSION = YES;
				CLANG_WARN_INFINITE_RECURSION = YES;
				CLANG_WARN_INT_CONVERSION = YES;
				CLANG_WARN_NON_LITERAL_NULL_CONVERSION = YES;
				CLANG_WARN_OBJC_IMPLICIT_RETAIN_SELF = YES;
				CLANG_WARN_OBJC_LITERAL_CONVERSION = YES;
				CLANG_WARN_OBJC_ROOT_CLASS = YES_ERROR;
				CLANG_WARN_QUOTED_INCLUDE_IN_FRAMEWORK_HEADER = YES;
				CLANG_WARN_RANGE_LOOP_ANALYSIS = YES;
				CLANG_WARN_STRICT_PROTOTYPES = YES;
				CLANG_WARN_SUSPICIOUS_MOVE = YES;
				CLANG_WARN_UNGUARDED_AVAILABILITY = YES_AGGRESSIVE;
				CLANG_WARN_UNREACHABLE_CODE = YES;
				CLANG_WARN__DUPLICATE_METHOD_MATCH = YES;
				COPY_PHASE_STRIP = NO;
				DEBUG_INFORMATION_FORMAT = "dwarf-with-dsym";
				DEVELOPMENT_TEAM = P5NTR89GQN;
				ENABLE_NS_ASSERTIONS = NO;
				ENABLE_STRICT_OBJC_MSGSEND = YES;
				ENABLE_USER_SCRIPT_SANDBOXING = YES;
				GCC_C_LANGUAGE_STANDARD = gnu17;
				GCC_NO_COMMON_BLOCKS = YES;
				GCC_WARN_64_TO_32_BIT_CONVERSION = YES;
				GCC_WARN_ABOUT_RETURN_TYPE = YES_ERROR;
				GCC_WARN_UNDECLARED_SELECTOR = YES;
				GCC_WARN_UNINITIALIZED_AUTOS = YES_AGGRESSIVE;
				GCC_WARN_UNUSED_FUNCTION = YES;
				GCC_WARN_UNUSED_VARIABLE = YES;
				IPHONEOS_DEPLOYMENT_TARGET = 18.5;
				LOCALIZATION_PREFERS_STRING_CATALOGS = YES;
				MTL_ENABLE_DEBUG_INFO = NO;
				MTL_FAST_MATH = YES;
				SDKROOT = iphoneos;
				SWIFT_COMPILATION_MODE = wholemodule;
				VALIDATE_PRODUCT = YES;
			};
			name = Release;
		};
		390336022E2FA30C00E96BAF /* Debug */ = {
			isa = XCBuildConfiguration;
			buildSettings = {
				ASSETCATALOG_COMPILER_APPICON_NAME = AppIcon;
				ASSETCATALOG_COMPILER_GLOBAL_ACCENT_COLOR_NAME = AccentColor;
				CODE_SIGN_STYLE = Automatic;
				CURRENT_PROJECT_VERSION = 1;
				DEVELOPMENT_TEAM = "";
				ENABLE_PREVIEWS = YES;
				GENERATE_INFOPLIST_FILE = YES;
				INFOPLIST_FILE = "Anas-Task-Info.plist";
				INFOPLIST_KEY_UIApplicationSceneManifest_Generation = YES;
				INFOPLIST_KEY_UIApplicationSupportsIndirectInputEvents = YES;
				INFOPLIST_KEY_UILaunchScreen_Generation = YES;
				INFOPLIST_KEY_UISupportedInterfaceOrientations_iPad = "UIInterfaceOrientationPortrait UIInterfaceOrientationPortraitUpsideDown UIInterfaceOrientationLandscapeLeft UIInterfaceOrientationLandscapeRight";
				INFOPLIST_KEY_UISupportedInterfaceOrientations_iPhone = "UIInterfaceOrientationPortrait UIInterfaceOrientationLandscapeLeft UIInterfaceOrientationLandscapeRight";
				LD_RUNPATH_SEARCH_PATHS = (
					"$(inherited)",
					"@executable_path/Frameworks",
				);
				MARKETING_VERSION = 1.0;
				PRODUCT_BUNDLE_IDENTIFIER = "com.anasamer.Anas-Task";
				PRODUCT_NAME = "$(TARGET_NAME)";
				SWIFT_EMIT_LOC_STRINGS = YES;
				SWIFT_VERSION = 5.0;
				TARGETED_DEVICE_FAMILY = "1,2";
			};
			name = Debug;
		};
		390336032E2FA30C00E96BAF /* Release */ = {
			isa = XCBuildConfiguration;
			buildSettings = {
				ASSETCATALOG_COMPILER_APPICON_NAME = AppIcon;
				ASSETCATALOG_COMPILER_GLOBAL_ACCENT_COLOR_NAME = AccentColor;
				CODE_SIGN_STYLE = Automatic;
				CURRENT_PROJECT_VERSION = 1;
				DEVELOPMENT_TEAM = "";
				ENABLE_PREVIEWS = YES;
				GENERATE_INFOPLIST_FILE = YES;
				INFOPLIST_FILE = "Anas-Task-Info.plist";
				INFOPLIST_KEY_UIApplicationSceneManifest_Generation = YES;
				INFOPLIST_KEY_UIApplicationSupportsIndirectInputEvents = YES;
				INFOPLIST_KEY_UILaunchScreen_Generation = YES;
				INFOPLIST_KEY_UISupportedInterfaceOrientations_iPad = "UIInterfaceOrientationPortrait UIInterfaceOrientationPortraitUpsideDown UIInterfaceOrientationLandscapeLeft UIInterfaceOrientationLandscapeRight";
				INFOPLIST_KEY_UISupportedInterfaceOrientations_iPhone = "UIInterfaceOrientationPortrait UIInterfaceOrientationLandscapeLeft UIInterfaceOrientationLandscapeRight";
				LD_RUNPATH_SEARCH_PATHS = (
					"$(inherited)",
					"@executable_path/Frameworks",
				);
				MARKETING_VERSION = 1.0;
				PRODUCT_BUNDLE_IDENTIFIER = "com.anasamer.Anas-Task";
				PRODUCT_NAME = "$(TARGET_NAME)";
				SWIFT_EMIT_LOC_STRINGS = YES;
				SWIFT_VERSION = 5.0;
				TARGETED_DEVICE_FAMILY = "1,2";
			};
			name = Release;
		};
		390336052E2FA30C00E96BAF /* Debug */ = {
			isa = XCBuildConfiguration;
			buildSettings = {
				BUNDLE_LOADER = "$(TEST_HOST)";
				CODE_SIGN_STYLE = Automatic;
				CURRENT_PROJECT_VERSION = 1;
				DEVELOPMENT_TEAM = P5NTR89GQN;
				GENERATE_INFOPLIST_FILE = YES;
				IPHONEOS_DEPLOYMENT_TARGET = 18.5;
				MARKETING_VERSION = 1.0;
				PRODUCT_BUNDLE_IDENTIFIER = "com.anasamer.Anas-TaskTests";
				PRODUCT_NAME = "$(TARGET_NAME)";
				SWIFT_EMIT_LOC_STRINGS = NO;
				SWIFT_VERSION = 5.0;
				TARGETED_DEVICE_FAMILY = "1,2";
				TEST_HOST = "$(BUILT_PRODUCTS_DIR)/Anas_Task.app/$(BUNDLE_EXECUTABLE_FOLDER_PATH)/Anas_Task";
			};
			name = Debug;
		};
		390336062E2FA30C00E96BAF /* Release */ = {
			isa = XCBuildConfiguration;
			buildSettings = {
				BUNDLE_LOADER = "$(TEST_HOST)";
				CODE_SIGN_STYLE = Automatic;
				CURRENT_PROJECT_VERSION = 1;
				DEVELOPMENT_TEAM = P5NTR89GQN;
				GENERATE_INFOPLIST_FILE = YES;
				IPHONEOS_DEPLOYMENT_TARGET = 18.5;
				MARKETING_VERSION = 1.0;
				PRODUCT_BUNDLE_IDENTIFIER = "com.anasamer.Anas-TaskTests";
				PRODUCT_NAME = "$(TARGET_NAME)";
				SWIFT_EMIT_LOC_STRINGS = NO;
				SWIFT_VERSION = 5.0;
				TARGETED_DEVICE_FAMILY = "1,2";
				TEST_HOST = "$(BUILT_PRODUCTS_DIR)/Anas_Task.app/$(BUNDLE_EXECUTABLE_FOLDER_PATH)/Anas_Task";
			};
			name = Release;
		};
		390336082E2FA30C00E96BAF /* Debug */ = {
			isa = XCBuildConfiguration;
			buildSettings = {
				CODE_SIGN_STYLE = Automatic;
				CURRENT_PROJECT_VERSION = 1;
				DEVELOPMENT_TEAM = P5NTR89GQN;
				GENERATE_INFOPLIST_FILE = YES;
				MARKETING_VERSION = 1.0;
				PRODUCT_BUNDLE_IDENTIFIER = "com.anasamer.Anas-TaskUITests";
				PRODUCT_NAME = "$(TARGET_NAME)";
				SWIFT_EMIT_LOC_STRINGS = NO;
				SWIFT_VERSION = 5.0;
				TARGETED_DEVICE_FAMILY = "1,2";
				TEST_TARGET_NAME = Anas_Task;
			};
			name = Debug;
		};
		390336092E2FA30C00E96BAF /* Release */ = {
			isa = XCBuildConfiguration;
			buildSettings = {
				CODE_SIGN_STYLE = Automatic;
				CURRENT_PROJECT_VERSION = 1;
				DEVELOPMENT_TEAM = P5NTR89GQN;
				GENERATE_INFOPLIST_FILE = YES;
				MARKETING_VERSION = 1.0;
				PRODUCT_BUNDLE_IDENTIFIER = "com.anasamer.Anas-TaskUITests";
				PRODUCT_NAME = "$(TARGET_NAME)";
				SWIFT_EMIT_LOC_STRINGS = NO;
				SWIFT_VERSION = 5.0;
				TARGETED_DEVICE_FAMILY = "1,2";
				TEST_TARGET_NAME = Anas_Task;
			};
			name = Release;
		};
/* End XCBuildConfiguration section */

/* Begin XCConfigurationList section */
		390335DB2E2FA30B00E96BAF /* Build configuration list for PBXProject "Anas_Task" */ = {
			isa = XCConfigurationList;
			buildConfigurations = (
				390335FF2E2FA30C00E96BAF /* Debug */,
				390336002E2FA30C00E96BAF /* Release */,
			);
			defaultConfigurationIsVisible = 0;
			defaultConfigurationName = Release;
		};
		390336012E2FA30C00E96BAF /* Build configuration list for PBXNativeTarget "Anas_Task" */ = {
			isa = XCConfigurationList;
			buildConfigurations = (
				390336022E2FA30C00E96BAF /* Debug */,
				390336032E2FA30C00E96BAF /* Release */,
			);
			defaultConfigurationIsVisible = 0;
			defaultConfigurationName = Release;
		};
		390336042E2FA30C00E96BAF /* Build configuration list for PBXNativeTarget "Anas_TaskTests" */ = {
			isa = XCConfigurationList;
			buildConfigurations = (
				390336052E2FA30C00E96BAF /* Debug */,
				390336062E2FA30C00E96BAF /* Release */,
			);
			defaultConfigurationIsVisible = 0;
			defaultConfigurationName = Release;
		};
		390336072E2FA30C00E96BAF /* Build configuration list for PBXNativeTarget "Anas_TaskUITests" */ = {
			isa = XCConfigurationList;
			buildConfigurations = (
				390336082E2FA30C00E96BAF /* Debug */,
				390336092E2FA30C00E96BAF /* Release */,
			);
			defaultConfigurationIsVisible = 0;
			defaultConfigurationName = Release;
		};
/* End XCConfigurationList section */
	};
	rootObject = 390335D82E2FA30B00E96BAF /* Project object */;
}
